// !$*UTF8*$!
{
	archiveVersion = 1;
	classes = {
	};
	objectVersion = 52;
	objects = {

/* Begin PBXBuildFile section */
		19474844462F2EC60A4349E1 /* Pods_iAlti_v2_iAlti_v2UITests.framework in Frameworks */ = {isa = PBXBuildFile; fileRef = F8425317B8F37A44964D2541 /* Pods_iAlti_v2_iAlti_v2UITests.framework */; };
		330031E78E68F6A102D5401D /* Pods_iAlti_v2Tests.framework in Frameworks */ = {isa = PBXBuildFile; fileRef = C39C6CA1201BE51B976416D6 /* Pods_iAlti_v2Tests.framework */; };
		6024AE7C25817EAB0092BEEF /* Extensions.swift in Sources */ = {isa = PBXBuildFile; fileRef = 6024AE7B25817EAB0092BEEF /* Extensions.swift */; };
		604D5538255C190A00B50268 /* iAlti_v2App.swift in Sources */ = {isa = PBXBuildFile; fileRef = 604D5537255C190A00B50268 /* iAlti_v2App.swift */; };
		604D553A255C190A00B50268 /* ContentView.swift in Sources */ = {isa = PBXBuildFile; fileRef = 604D5539255C190A00B50268 /* ContentView.swift */; };
		604D553C255C190E00B50268 /* Assets.xcassets in Resources */ = {isa = PBXBuildFile; fileRef = 604D553B255C190E00B50268 /* Assets.xcassets */; };
		604D553F255C190E00B50268 /* Preview Assets.xcassets in Resources */ = {isa = PBXBuildFile; fileRef = 604D553E255C190E00B50268 /* Preview Assets.xcassets */; };
		604D554A255C190E00B50268 /* iAlti_v2Tests.swift in Sources */ = {isa = PBXBuildFile; fileRef = 604D5549255C190E00B50268 /* iAlti_v2Tests.swift */; };
		604D5555255C190E00B50268 /* iAlti_v2UITests.swift in Sources */ = {isa = PBXBuildFile; fileRef = 604D5554255C190E00B50268 /* iAlti_v2UITests.swift */; };
		604D555A255C190E00B50268 /* iAlti_v2 WatchKit App.app in Embed Watch Content */ = {isa = PBXBuildFile; fileRef = 604D5559255C190E00B50268 /* iAlti_v2 WatchKit App.app */; settings = {ATTRIBUTES = (RemoveHeadersOnCopy, ); }; };
		604D555F255C191200B50268 /* Assets.xcassets in Resources */ = {isa = PBXBuildFile; fileRef = 604D555E255C191200B50268 /* Assets.xcassets */; };
		604D5566255C191200B50268 /* iAlti_v2 WatchKit Extension.appex in Embed App Extensions */ = {isa = PBXBuildFile; fileRef = 604D5565255C191200B50268 /* iAlti_v2 WatchKit Extension.appex */; settings = {ATTRIBUTES = (RemoveHeadersOnCopy, ); }; };
		604D556B255C191200B50268 /* iAlti_v2App.swift in Sources */ = {isa = PBXBuildFile; fileRef = 604D556A255C191200B50268 /* iAlti_v2App.swift */; };
		604D556D255C191200B50268 /* ContentView.swift in Sources */ = {isa = PBXBuildFile; fileRef = 604D556C255C191200B50268 /* ContentView.swift */; };
		604D556F255C191200B50268 /* NotificationController.swift in Sources */ = {isa = PBXBuildFile; fileRef = 604D556E255C191200B50268 /* NotificationController.swift */; };
		604D5571255C191200B50268 /* NotificationView.swift in Sources */ = {isa = PBXBuildFile; fileRef = 604D5570255C191200B50268 /* NotificationView.swift */; };
		604D5573255C191200B50268 /* ComplicationController.swift in Sources */ = {isa = PBXBuildFile; fileRef = 604D5572255C191200B50268 /* ComplicationController.swift */; };
		604D5575255C191500B50268 /* Assets.xcassets in Resources */ = {isa = PBXBuildFile; fileRef = 604D5574255C191500B50268 /* Assets.xcassets */; };
		604D5578255C191500B50268 /* Preview Assets.xcassets in Resources */ = {isa = PBXBuildFile; fileRef = 604D5577255C191500B50268 /* Preview Assets.xcassets */; };
		604D559F255C1AE600B50268 /* ControlsView.swift in Sources */ = {isa = PBXBuildFile; fileRef = 604D5599255C1AE500B50268 /* ControlsView.swift */; };
		604D55A1255C1AE600B50268 /* MainView.swift in Sources */ = {isa = PBXBuildFile; fileRef = 604D559B255C1AE600B50268 /* MainView.swift */; };
		604D55A2255C1AE600B50268 /* OverView.swift in Sources */ = {isa = PBXBuildFile; fileRef = 604D559C255C1AE600B50268 /* OverView.swift */; };
		604D55A3255C1AE600B50268 /* SettingsView.swift in Sources */ = {isa = PBXBuildFile; fileRef = 604D559D255C1AE600B50268 /* SettingsView.swift */; };
		606034AF2563160C007170EB /* UserSettings.swift in Sources */ = {isa = PBXBuildFile; fileRef = 606034AE2563160C007170EB /* UserSettings.swift */; };
		6060352D25642862007170EB /* UserSettings.swift in Sources */ = {isa = PBXBuildFile; fileRef = 6060352C25642862007170EB /* UserSettings.swift */; };
		6060353925643279007170EB /* LogDetailView.swift in Sources */ = {isa = PBXBuildFile; fileRef = 6060353825643279007170EB /* LogDetailView.swift */; };
		60788C59258D4C0F00BBBC5E /* CoreGPX in Frameworks */ = {isa = PBXBuildFile; productRef = 60788C58258D4C0F00BBBC5E /* CoreGPX */; };
		6083817A2564776E00D1F204 /* Log+CoreDataClass.swift in Sources */ = {isa = PBXBuildFile; fileRef = 608381782564776E00D1F204 /* Log+CoreDataClass.swift */; };
		6083817B2564776E00D1F204 /* Log+CoreDataProperties.swift in Sources */ = {isa = PBXBuildFile; fileRef = 608381792564776E00D1F204 /* Log+CoreDataProperties.swift */; };
		6098479525949EA70018AD18 /* FileExporter.swift in Sources */ = {isa = PBXBuildFile; fileRef = 6098479425949EA70018AD18 /* FileExporter.swift */; };
		609847C32599E5160018AD18 /* LogDetailOverViewModel.swift in Sources */ = {isa = PBXBuildFile; fileRef = 609847C22599E5160018AD18 /* LogDetailOverViewModel.swift */; };
		609C3284255F29BE00B2A06F /* LogView.swift in Sources */ = {isa = PBXBuildFile; fileRef = 609C3283255F29BE00B2A06F /* LogView.swift */; };
		60B4B146256804F7000690CE /* WatchConnectivityProvider.swift in Sources */ = {isa = PBXBuildFile; fileRef = 60B4B145256804F7000690CE /* WatchConnectivityProvider.swift */; };
		60B4B15C2568095D000690CE /* PhoneConnectivityProvider.swift in Sources */ = {isa = PBXBuildFile; fileRef = 60B4B15B2568095D000690CE /* PhoneConnectivityProvider.swift */; };
		60C576672562C1FA001E6D17 /* Persistence.swift in Sources */ = {isa = PBXBuildFile; fileRef = 60C576662562C1FA001E6D17 /* Persistence.swift */; };
		60C5766E2562C249001E6D17 /* Location.swift in Sources */ = {isa = PBXBuildFile; fileRef = 60C5766D2562C249001E6D17 /* Location.swift */; };
		60C576752562C3D5001E6D17 /* Location.swift in Sources */ = {isa = PBXBuildFile; fileRef = 60C576742562C3D5001E6D17 /* Location.swift */; };
		60C576AF2562D20D001E6D17 /* MainView.swift in Sources */ = {isa = PBXBuildFile; fileRef = 60C576AE2562D20D001E6D17 /* MainView.swift */; };
		60C576C02562D37B001E6D17 /* SettingsView.swift in Sources */ = {isa = PBXBuildFile; fileRef = 60C576BF2562D37B001E6D17 /* SettingsView.swift */; };
		60D77D3F2588092F00A3C979 /* Altimeter.swift in Sources */ = {isa = PBXBuildFile; fileRef = 60D77D3E2588092F00A3C979 /* Altimeter.swift */; };
		60D77D4B2588098300A3C979 /* Altimeter.swift in Sources */ = {isa = PBXBuildFile; fileRef = 60D77D4A2588098300A3C979 /* Altimeter.swift */; };
		60ED09722562AAC30062045D /* Logs.xcdatamodeld in Sources */ = {isa = PBXBuildFile; fileRef = 60ED09702562AAC30062045D /* Logs.xcdatamodeld */; };
		60F21A3F2604122A0086EA8A /* LogDetailChartView.swift in Sources */ = {isa = PBXBuildFile; fileRef = 60F21A3E2604122A0086EA8A /* LogDetailChartView.swift */; };
		60F2CCC825681A12003E1285 /* LogDetailOverView.swift in Sources */ = {isa = PBXBuildFile; fileRef = 60F2CCC725681A12003E1285 /* LogDetailOverView.swift */; };
		98828981DE74560CEED52F34 /* libPods-iAlti_v2 WatchKit App.a in Frameworks */ = {isa = PBXBuildFile; fileRef = 91AEFA5123BDEC2306B02F24 /* libPods-iAlti_v2 WatchKit App.a */; };
		BFEB51EB99EE73BBBFB05B0A /* Pods_iAlti_v2.framework in Frameworks */ = {isa = PBXBuildFile; fileRef = A7863911C5B8B45FAC5CABFD /* Pods_iAlti_v2.framework */; };
/* End PBXBuildFile section */

/* Begin PBXContainerItemProxy section */
		604D5546255C190E00B50268 /* PBXContainerItemProxy */ = {
			isa = PBXContainerItemProxy;
			containerPortal = 604D552C255C190A00B50268 /* Project object */;
			proxyType = 1;
			remoteGlobalIDString = 604D5533255C190A00B50268;
			remoteInfo = iAlti_v2;
		};
		604D5551255C190E00B50268 /* PBXContainerItemProxy */ = {
			isa = PBXContainerItemProxy;
			containerPortal = 604D552C255C190A00B50268 /* Project object */;
			proxyType = 1;
			remoteGlobalIDString = 604D5533255C190A00B50268;
			remoteInfo = iAlti_v2;
		};
		604D555B255C190E00B50268 /* PBXContainerItemProxy */ = {
			isa = PBXContainerItemProxy;
			containerPortal = 604D552C255C190A00B50268 /* Project object */;
			proxyType = 1;
			remoteGlobalIDString = 604D5558255C190E00B50268;
			remoteInfo = "iAlti_v2 WatchKit App";
		};
		604D5567255C191200B50268 /* PBXContainerItemProxy */ = {
			isa = PBXContainerItemProxy;
			containerPortal = 604D552C255C190A00B50268 /* Project object */;
			proxyType = 1;
			remoteGlobalIDString = 604D5564255C191200B50268;
			remoteInfo = "iAlti_v2 WatchKit Extension";
		};
/* End PBXContainerItemProxy section */

/* Begin PBXCopyFilesBuildPhase section */
		604D5580255C191600B50268 /* Embed App Extensions */ = {
			isa = PBXCopyFilesBuildPhase;
			buildActionMask = 2147483647;
			dstPath = "";
			dstSubfolderSpec = 13;
			files = (
				604D5566255C191200B50268 /* iAlti_v2 WatchKit Extension.appex in Embed App Extensions */,
			);
			name = "Embed App Extensions";
			runOnlyForDeploymentPostprocessing = 0;
		};
		604D5584255C191600B50268 /* Embed Watch Content */ = {
			isa = PBXCopyFilesBuildPhase;
			buildActionMask = 2147483647;
			dstPath = "$(CONTENTS_FOLDER_PATH)/Watch";
			dstSubfolderSpec = 16;
			files = (
				604D555A255C190E00B50268 /* iAlti_v2 WatchKit App.app in Embed Watch Content */,
			);
			name = "Embed Watch Content";
			runOnlyForDeploymentPostprocessing = 0;
		};
/* End PBXCopyFilesBuildPhase section */

/* Begin PBXFileReference section */
		0AC196FF9469A40F131F5AE7 /* Pods-iAlti_v2 WatchKit Extension.release.xcconfig */ = {isa = PBXFileReference; includeInIndex = 1; lastKnownFileType = text.xcconfig; name = "Pods-iAlti_v2 WatchKit Extension.release.xcconfig"; path = "Target Support Files/Pods-iAlti_v2 WatchKit Extension/Pods-iAlti_v2 WatchKit Extension.release.xcconfig"; sourceTree = "<group>"; };
		11BDB51CEB15846D9649008C /* Pods-iAlti_v2-iAlti_v2UITests.release.xcconfig */ = {isa = PBXFileReference; includeInIndex = 1; lastKnownFileType = text.xcconfig; name = "Pods-iAlti_v2-iAlti_v2UITests.release.xcconfig"; path = "Target Support Files/Pods-iAlti_v2-iAlti_v2UITests/Pods-iAlti_v2-iAlti_v2UITests.release.xcconfig"; sourceTree = "<group>"; };
		4AADD54B4BB52B51A6EDC4DC /* Pods-iAlti_v2.release.xcconfig */ = {isa = PBXFileReference; includeInIndex = 1; lastKnownFileType = text.xcconfig; name = "Pods-iAlti_v2.release.xcconfig"; path = "Target Support Files/Pods-iAlti_v2/Pods-iAlti_v2.release.xcconfig"; sourceTree = "<group>"; };
		6024AE7B25817EAB0092BEEF /* Extensions.swift */ = {isa = PBXFileReference; lastKnownFileType = sourcecode.swift; path = Extensions.swift; sourceTree = "<group>"; };
		604D5534255C190A00B50268 /* iAlti_v2.app */ = {isa = PBXFileReference; explicitFileType = wrapper.application; includeInIndex = 0; path = iAlti_v2.app; sourceTree = BUILT_PRODUCTS_DIR; };
		604D5537255C190A00B50268 /* iAlti_v2App.swift */ = {isa = PBXFileReference; lastKnownFileType = sourcecode.swift; path = iAlti_v2App.swift; sourceTree = "<group>"; };
		604D5539255C190A00B50268 /* ContentView.swift */ = {isa = PBXFileReference; lastKnownFileType = sourcecode.swift; path = ContentView.swift; sourceTree = "<group>"; };
		604D553B255C190E00B50268 /* Assets.xcassets */ = {isa = PBXFileReference; lastKnownFileType = folder.assetcatalog; path = Assets.xcassets; sourceTree = "<group>"; };
		604D553E255C190E00B50268 /* Preview Assets.xcassets */ = {isa = PBXFileReference; lastKnownFileType = folder.assetcatalog; path = "Preview Assets.xcassets"; sourceTree = "<group>"; };
		604D5540255C190E00B50268 /* Info.plist */ = {isa = PBXFileReference; lastKnownFileType = text.plist.xml; path = Info.plist; sourceTree = "<group>"; };
		604D5545255C190E00B50268 /* iAlti_v2Tests.xctest */ = {isa = PBXFileReference; explicitFileType = wrapper.cfbundle; includeInIndex = 0; path = iAlti_v2Tests.xctest; sourceTree = BUILT_PRODUCTS_DIR; };
		604D5549255C190E00B50268 /* iAlti_v2Tests.swift */ = {isa = PBXFileReference; lastKnownFileType = sourcecode.swift; path = iAlti_v2Tests.swift; sourceTree = "<group>"; };
		604D554B255C190E00B50268 /* Info.plist */ = {isa = PBXFileReference; lastKnownFileType = text.plist.xml; path = Info.plist; sourceTree = "<group>"; };
		604D5550255C190E00B50268 /* iAlti_v2UITests.xctest */ = {isa = PBXFileReference; explicitFileType = wrapper.cfbundle; includeInIndex = 0; path = iAlti_v2UITests.xctest; sourceTree = BUILT_PRODUCTS_DIR; };
		604D5554255C190E00B50268 /* iAlti_v2UITests.swift */ = {isa = PBXFileReference; lastKnownFileType = sourcecode.swift; path = iAlti_v2UITests.swift; sourceTree = "<group>"; };
		604D5556255C190E00B50268 /* Info.plist */ = {isa = PBXFileReference; lastKnownFileType = text.plist.xml; path = Info.plist; sourceTree = "<group>"; };
		604D5559255C190E00B50268 /* iAlti_v2 WatchKit App.app */ = {isa = PBXFileReference; explicitFileType = wrapper.application; includeInIndex = 0; path = "iAlti_v2 WatchKit App.app"; sourceTree = BUILT_PRODUCTS_DIR; };
		604D555E255C191200B50268 /* Assets.xcassets */ = {isa = PBXFileReference; lastKnownFileType = folder.assetcatalog; path = Assets.xcassets; sourceTree = "<group>"; };
		604D5560255C191200B50268 /* Info.plist */ = {isa = PBXFileReference; lastKnownFileType = text.plist.xml; path = Info.plist; sourceTree = "<group>"; };
		604D5565255C191200B50268 /* iAlti_v2 WatchKit Extension.appex */ = {isa = PBXFileReference; explicitFileType = "wrapper.app-extension"; includeInIndex = 0; path = "iAlti_v2 WatchKit Extension.appex"; sourceTree = BUILT_PRODUCTS_DIR; };
		604D556A255C191200B50268 /* iAlti_v2App.swift */ = {isa = PBXFileReference; lastKnownFileType = sourcecode.swift; path = iAlti_v2App.swift; sourceTree = "<group>"; };
		604D556C255C191200B50268 /* ContentView.swift */ = {isa = PBXFileReference; lastKnownFileType = sourcecode.swift; path = ContentView.swift; sourceTree = "<group>"; };
		604D556E255C191200B50268 /* NotificationController.swift */ = {isa = PBXFileReference; lastKnownFileType = sourcecode.swift; path = NotificationController.swift; sourceTree = "<group>"; };
		604D5570255C191200B50268 /* NotificationView.swift */ = {isa = PBXFileReference; lastKnownFileType = sourcecode.swift; path = NotificationView.swift; sourceTree = "<group>"; };
		604D5572255C191200B50268 /* ComplicationController.swift */ = {isa = PBXFileReference; lastKnownFileType = sourcecode.swift; path = ComplicationController.swift; sourceTree = "<group>"; };
		604D5574255C191500B50268 /* Assets.xcassets */ = {isa = PBXFileReference; lastKnownFileType = folder.assetcatalog; path = Assets.xcassets; sourceTree = "<group>"; };
		604D5577255C191500B50268 /* Preview Assets.xcassets */ = {isa = PBXFileReference; lastKnownFileType = folder.assetcatalog; path = "Preview Assets.xcassets"; sourceTree = "<group>"; };
		604D5579255C191500B50268 /* Info.plist */ = {isa = PBXFileReference; lastKnownFileType = text.plist.xml; path = Info.plist; sourceTree = "<group>"; };
		604D557A255C191600B50268 /* PushNotificationPayload.apns */ = {isa = PBXFileReference; lastKnownFileType = text; path = PushNotificationPayload.apns; sourceTree = "<group>"; };
		604D5599255C1AE500B50268 /* ControlsView.swift */ = {isa = PBXFileReference; fileEncoding = 4; lastKnownFileType = sourcecode.swift; path = ControlsView.swift; sourceTree = "<group>"; };
		604D559B255C1AE600B50268 /* MainView.swift */ = {isa = PBXFileReference; fileEncoding = 4; lastKnownFileType = sourcecode.swift; path = MainView.swift; sourceTree = "<group>"; };
		604D559C255C1AE600B50268 /* OverView.swift */ = {isa = PBXFileReference; fileEncoding = 4; lastKnownFileType = sourcecode.swift; path = OverView.swift; sourceTree = "<group>"; };
		604D559D255C1AE600B50268 /* SettingsView.swift */ = {isa = PBXFileReference; fileEncoding = 4; lastKnownFileType = sourcecode.swift; path = SettingsView.swift; sourceTree = "<group>"; };
		606034AE2563160C007170EB /* UserSettings.swift */ = {isa = PBXFileReference; lastKnownFileType = sourcecode.swift; path = UserSettings.swift; sourceTree = "<group>"; };
		6060352C25642862007170EB /* UserSettings.swift */ = {isa = PBXFileReference; lastKnownFileType = sourcecode.swift; path = UserSettings.swift; sourceTree = "<group>"; };
		6060353825643279007170EB /* LogDetailView.swift */ = {isa = PBXFileReference; lastKnownFileType = sourcecode.swift; path = LogDetailView.swift; sourceTree = "<group>"; };
		608381782564776E00D1F204 /* Log+CoreDataClass.swift */ = {isa = PBXFileReference; lastKnownFileType = sourcecode.swift; path = "Log+CoreDataClass.swift"; sourceTree = "<group>"; };
		608381792564776E00D1F204 /* Log+CoreDataProperties.swift */ = {isa = PBXFileReference; lastKnownFileType = sourcecode.swift; path = "Log+CoreDataProperties.swift"; sourceTree = "<group>"; };
		6098479425949EA70018AD18 /* FileExporter.swift */ = {isa = PBXFileReference; lastKnownFileType = sourcecode.swift; path = FileExporter.swift; sourceTree = "<group>"; };
		609847C22599E5160018AD18 /* LogDetailOverViewModel.swift */ = {isa = PBXFileReference; lastKnownFileType = sourcecode.swift; path = LogDetailOverViewModel.swift; sourceTree = "<group>"; };
		609C3283255F29BE00B2A06F /* LogView.swift */ = {isa = PBXFileReference; lastKnownFileType = sourcecode.swift; path = LogView.swift; sourceTree = "<group>"; };
		60B4B145256804F7000690CE /* WatchConnectivityProvider.swift */ = {isa = PBXFileReference; lastKnownFileType = sourcecode.swift; path = WatchConnectivityProvider.swift; sourceTree = "<group>"; };
		60B4B15B2568095D000690CE /* PhoneConnectivityProvider.swift */ = {isa = PBXFileReference; lastKnownFileType = sourcecode.swift; path = PhoneConnectivityProvider.swift; sourceTree = "<group>"; };
		60C576662562C1FA001E6D17 /* Persistence.swift */ = {isa = PBXFileReference; lastKnownFileType = sourcecode.swift; path = Persistence.swift; sourceTree = "<group>"; };
		60C5766D2562C249001E6D17 /* Location.swift */ = {isa = PBXFileReference; lastKnownFileType = sourcecode.swift; path = Location.swift; sourceTree = "<group>"; };
		60C576742562C3D5001E6D17 /* Location.swift */ = {isa = PBXFileReference; lastKnownFileType = sourcecode.swift; path = Location.swift; sourceTree = "<group>"; };
		60C576AE2562D20D001E6D17 /* MainView.swift */ = {isa = PBXFileReference; lastKnownFileType = sourcecode.swift; path = MainView.swift; sourceTree = "<group>"; };
		60C576BF2562D37B001E6D17 /* SettingsView.swift */ = {isa = PBXFileReference; lastKnownFileType = sourcecode.swift; path = SettingsView.swift; sourceTree = "<group>"; };
		60D77D3E2588092F00A3C979 /* Altimeter.swift */ = {isa = PBXFileReference; lastKnownFileType = sourcecode.swift; path = Altimeter.swift; sourceTree = "<group>"; };
		60D77D4A2588098300A3C979 /* Altimeter.swift */ = {isa = PBXFileReference; lastKnownFileType = sourcecode.swift; path = Altimeter.swift; sourceTree = "<group>"; };
		60ED09712562AAC30062045D /* Logs.xcdatamodel */ = {isa = PBXFileReference; lastKnownFileType = wrapper.xcdatamodel; path = Logs.xcdatamodel; sourceTree = "<group>"; };
		60F21A3E2604122A0086EA8A /* LogDetailChartView.swift */ = {isa = PBXFileReference; lastKnownFileType = sourcecode.swift; path = LogDetailChartView.swift; sourceTree = "<group>"; };
		60F2CCC725681A12003E1285 /* LogDetailOverView.swift */ = {isa = PBXFileReference; lastKnownFileType = sourcecode.swift; path = LogDetailOverView.swift; sourceTree = "<group>"; };
		9198A8A4525D112A95A6994C /* Pods-iAlti_v2Tests.debug.xcconfig */ = {isa = PBXFileReference; includeInIndex = 1; lastKnownFileType = text.xcconfig; name = "Pods-iAlti_v2Tests.debug.xcconfig"; path = "Target Support Files/Pods-iAlti_v2Tests/Pods-iAlti_v2Tests.debug.xcconfig"; sourceTree = "<group>"; };
		91AEFA5123BDEC2306B02F24 /* libPods-iAlti_v2 WatchKit App.a */ = {isa = PBXFileReference; explicitFileType = archive.ar; includeInIndex = 0; path = "libPods-iAlti_v2 WatchKit App.a"; sourceTree = BUILT_PRODUCTS_DIR; };
		91CDB102E2C74F02F9146447 /* libPods-iAlti_v2 WatchKit Extension.a */ = {isa = PBXFileReference; explicitFileType = archive.ar; includeInIndex = 0; path = "libPods-iAlti_v2 WatchKit Extension.a"; sourceTree = BUILT_PRODUCTS_DIR; };
		9B6012800442CF5A39C71E4D /* Pods-iAlti_v2.debug.xcconfig */ = {isa = PBXFileReference; includeInIndex = 1; lastKnownFileType = text.xcconfig; name = "Pods-iAlti_v2.debug.xcconfig"; path = "Target Support Files/Pods-iAlti_v2/Pods-iAlti_v2.debug.xcconfig"; sourceTree = "<group>"; };
		A7863911C5B8B45FAC5CABFD /* Pods_iAlti_v2.framework */ = {isa = PBXFileReference; explicitFileType = wrapper.framework; includeInIndex = 0; path = Pods_iAlti_v2.framework; sourceTree = BUILT_PRODUCTS_DIR; };
		AFC32399FC20E33B7F4F9449 /* Pods-iAlti_v2 WatchKit App.debug.xcconfig */ = {isa = PBXFileReference; includeInIndex = 1; lastKnownFileType = text.xcconfig; name = "Pods-iAlti_v2 WatchKit App.debug.xcconfig"; path = "Target Support Files/Pods-iAlti_v2 WatchKit App/Pods-iAlti_v2 WatchKit App.debug.xcconfig"; sourceTree = "<group>"; };
		BD1AC7BF9E63678F6FFB9245 /* Pods-iAlti_v2 WatchKit App.release.xcconfig */ = {isa = PBXFileReference; includeInIndex = 1; lastKnownFileType = text.xcconfig; name = "Pods-iAlti_v2 WatchKit App.release.xcconfig"; path = "Target Support Files/Pods-iAlti_v2 WatchKit App/Pods-iAlti_v2 WatchKit App.release.xcconfig"; sourceTree = "<group>"; };
		C39C6CA1201BE51B976416D6 /* Pods_iAlti_v2Tests.framework */ = {isa = PBXFileReference; explicitFileType = wrapper.framework; includeInIndex = 0; path = Pods_iAlti_v2Tests.framework; sourceTree = BUILT_PRODUCTS_DIR; };
		C823DECE281EB1D10056C561 /* libPods-iAlti_v2 WatchKit Extension.a */ = {isa = PBXFileReference; explicitFileType = archive.ar; path = "libPods-iAlti_v2 WatchKit Extension.a"; sourceTree = BUILT_PRODUCTS_DIR; };
		C8BF764A2811A9BC00A082FB /* iAlti_v2 WatchKit Extension.entitlements */ = {isa = PBXFileReference; lastKnownFileType = text.plist.entitlements; path = "iAlti_v2 WatchKit Extension.entitlements"; sourceTree = "<group>"; };
		C8BF764B2811A9BC00A082FB /* HealthKit.framework */ = {isa = PBXFileReference; lastKnownFileType = wrapper.framework; name = HealthKit.framework; path = Platforms/WatchOS.platform/Developer/SDKs/WatchOS8.5.sdk/System/Library/Frameworks/HealthKit.framework; sourceTree = DEVELOPER_DIR; };
		C8BF764D2811A9D200A082FB /* iAlti_v2.entitlements */ = {isa = PBXFileReference; lastKnownFileType = text.plist.entitlements; path = iAlti_v2.entitlements; sourceTree = "<group>"; };
		C8BF764E2811A9D200A082FB /* HealthKit.framework */ = {isa = PBXFileReference; lastKnownFileType = wrapper.framework; name = HealthKit.framework; path = Platforms/iPhoneOS.platform/Developer/SDKs/iPhoneOS15.4.sdk/System/Library/Frameworks/HealthKit.framework; sourceTree = DEVELOPER_DIR; };
		CC6E163DA83F5F82A4708489 /* Pods-iAlti_v2 WatchKit Extension.debug.xcconfig */ = {isa = PBXFileReference; includeInIndex = 1; lastKnownFileType = text.xcconfig; name = "Pods-iAlti_v2 WatchKit Extension.debug.xcconfig"; path = "Target Support Files/Pods-iAlti_v2 WatchKit Extension/Pods-iAlti_v2 WatchKit Extension.debug.xcconfig"; sourceTree = "<group>"; };
		D0BF602EC83B7291FC3AF98E /* Pods-iAlti_v2Tests.release.xcconfig */ = {isa = PBXFileReference; includeInIndex = 1; lastKnownFileType = text.xcconfig; name = "Pods-iAlti_v2Tests.release.xcconfig"; path = "Target Support Files/Pods-iAlti_v2Tests/Pods-iAlti_v2Tests.release.xcconfig"; sourceTree = "<group>"; };
		F352CA07C2DA656B9775C6FD /* Pods-iAlti_v2-iAlti_v2UITests.debug.xcconfig */ = {isa = PBXFileReference; includeInIndex = 1; lastKnownFileType = text.xcconfig; name = "Pods-iAlti_v2-iAlti_v2UITests.debug.xcconfig"; path = "Target Support Files/Pods-iAlti_v2-iAlti_v2UITests/Pods-iAlti_v2-iAlti_v2UITests.debug.xcconfig"; sourceTree = "<group>"; };
		F8425317B8F37A44964D2541 /* Pods_iAlti_v2_iAlti_v2UITests.framework */ = {isa = PBXFileReference; explicitFileType = wrapper.framework; includeInIndex = 0; path = Pods_iAlti_v2_iAlti_v2UITests.framework; sourceTree = BUILT_PRODUCTS_DIR; };
/* End PBXFileReference section */

/* Begin PBXFrameworksBuildPhase section */
		47CDF3A4A02F1041C63A5889 /* Frameworks */ = {
			isa = PBXFrameworksBuildPhase;
			buildActionMask = 2147483647;
			files = (
				98828981DE74560CEED52F34 /* libPods-iAlti_v2 WatchKit App.a in Frameworks */,
			);
			runOnlyForDeploymentPostprocessing = 0;
		};
		604D5531255C190A00B50268 /* Frameworks */ = {
			isa = PBXFrameworksBuildPhase;
			buildActionMask = 2147483647;
			files = (
				60788C59258D4C0F00BBBC5E /* CoreGPX in Frameworks */,
				BFEB51EB99EE73BBBFB05B0A /* Pods_iAlti_v2.framework in Frameworks */,
			);
			runOnlyForDeploymentPostprocessing = 0;
		};
		604D5542255C190E00B50268 /* Frameworks */ = {
			isa = PBXFrameworksBuildPhase;
			buildActionMask = 2147483647;
			files = (
				330031E78E68F6A102D5401D /* Pods_iAlti_v2Tests.framework in Frameworks */,
			);
			runOnlyForDeploymentPostprocessing = 0;
		};
		604D554D255C190E00B50268 /* Frameworks */ = {
			isa = PBXFrameworksBuildPhase;
			buildActionMask = 2147483647;
			files = (
				19474844462F2EC60A4349E1 /* Pods_iAlti_v2_iAlti_v2UITests.framework in Frameworks */,
			);
			runOnlyForDeploymentPostprocessing = 0;
		};
		604D5562255C191200B50268 /* Frameworks */ = {
			isa = PBXFrameworksBuildPhase;
			buildActionMask = 2147483647;
			files = (
			);
			runOnlyForDeploymentPostprocessing = 0;
		};
/* End PBXFrameworksBuildPhase section */

/* Begin PBXGroup section */
		604D552B255C190A00B50268 = {
			isa = PBXGroup;
			children = (
				604D5536255C190A00B50268 /* iAlti_v2 */,
				604D5548255C190E00B50268 /* iAlti_v2Tests */,
				604D5553255C190E00B50268 /* iAlti_v2UITests */,
				604D555D255C190E00B50268 /* iAlti_v2 WatchKit App */,
				604D5569255C191200B50268 /* iAlti_v2 WatchKit Extension */,
				604D5535255C190A00B50268 /* Products */,
				7629FE661163B78A98A2A848 /* Pods */,
				FE2C28222F17DCB987419F2D /* Frameworks */,
			);
			sourceTree = "<group>";
		};
		604D5535255C190A00B50268 /* Products */ = {
			isa = PBXGroup;
			children = (
				604D5534255C190A00B50268 /* iAlti_v2.app */,
				604D5545255C190E00B50268 /* iAlti_v2Tests.xctest */,
				604D5550255C190E00B50268 /* iAlti_v2UITests.xctest */,
				604D5559255C190E00B50268 /* iAlti_v2 WatchKit App.app */,
				604D5565255C191200B50268 /* iAlti_v2 WatchKit Extension.appex */,
			);
			name = Products;
			sourceTree = "<group>";
		};
		604D5536255C190A00B50268 /* iAlti_v2 */ = {
			isa = PBXGroup;
			children = (
				C8BF764D2811A9D200A082FB /* iAlti_v2.entitlements */,
				604D5537255C190A00B50268 /* iAlti_v2App.swift */,
				604D5540255C190E00B50268 /* Info.plist */,
				60D77D6D2588237B00A3C979 /* Helper */,
				60DC9A9D25658DF600B1D43D /* Views */,
				60DC9A9E25658E0500B1D43D /* Data */,
				604D553D255C190E00B50268 /* Preview Content */,
				604D553B255C190E00B50268 /* Assets.xcassets */,
			);
			path = iAlti_v2;
			sourceTree = "<group>";
		};
		604D553D255C190E00B50268 /* Preview Content */ = {
			isa = PBXGroup;
			children = (
				604D553E255C190E00B50268 /* Preview Assets.xcassets */,
			);
			path = "Preview Content";
			sourceTree = "<group>";
		};
		604D5548255C190E00B50268 /* iAlti_v2Tests */ = {
			isa = PBXGroup;
			children = (
				604D5549255C190E00B50268 /* iAlti_v2Tests.swift */,
				604D554B255C190E00B50268 /* Info.plist */,
			);
			path = iAlti_v2Tests;
			sourceTree = "<group>";
		};
		604D5553255C190E00B50268 /* iAlti_v2UITests */ = {
			isa = PBXGroup;
			children = (
				604D5554255C190E00B50268 /* iAlti_v2UITests.swift */,
				604D5556255C190E00B50268 /* Info.plist */,
			);
			path = iAlti_v2UITests;
			sourceTree = "<group>";
		};
		604D555D255C190E00B50268 /* iAlti_v2 WatchKit App */ = {
			isa = PBXGroup;
			children = (
				604D555E255C191200B50268 /* Assets.xcassets */,
				604D5560255C191200B50268 /* Info.plist */,
			);
			path = "iAlti_v2 WatchKit App";
			sourceTree = "<group>";
		};
		604D5569255C191200B50268 /* iAlti_v2 WatchKit Extension */ = {
			isa = PBXGroup;
			children = (
				C8BF764A2811A9BC00A082FB /* iAlti_v2 WatchKit Extension.entitlements */,
				604D556A255C191200B50268 /* iAlti_v2App.swift */,
				604D5579255C191500B50268 /* Info.plist */,
				60B4B0FC2567D086000690CE /* Views */,
				60D77D8C2588362500A3C979 /* Helper */,
				60B4B1072567D0D3000690CE /* Ressources */,
				604D5576255C191500B50268 /* Preview Content */,
			);
			path = "iAlti_v2 WatchKit Extension";
			sourceTree = "<group>";
		};
		604D5576255C191500B50268 /* Preview Content */ = {
			isa = PBXGroup;
			children = (
				604D5577255C191500B50268 /* Preview Assets.xcassets */,
			);
			path = "Preview Content";
			sourceTree = "<group>";
		};
		60B4B0FC2567D086000690CE /* Views */ = {
			isa = PBXGroup;
			children = (
				604D556C255C191200B50268 /* ContentView.swift */,
				604D559B255C1AE600B50268 /* MainView.swift */,
				604D5599255C1AE500B50268 /* ControlsView.swift */,
				604D559C255C1AE600B50268 /* OverView.swift */,
				604D559D255C1AE600B50268 /* SettingsView.swift */,
			);
			path = Views;
			sourceTree = "<group>";
		};
		60B4B1072567D0D3000690CE /* Ressources */ = {
			isa = PBXGroup;
			children = (
				604D557A255C191600B50268 /* PushNotificationPayload.apns */,
				604D556E255C191200B50268 /* NotificationController.swift */,
				604D5570255C191200B50268 /* NotificationView.swift */,
				604D5572255C191200B50268 /* ComplicationController.swift */,
				604D5574255C191500B50268 /* Assets.xcassets */,
			);
			path = Ressources;
			sourceTree = "<group>";
		};
		60D77D6D2588237B00A3C979 /* Helper */ = {
			isa = PBXGroup;
			children = (
				60B4B145256804F7000690CE /* WatchConnectivityProvider.swift */,
				60D77D4A2588098300A3C979 /* Altimeter.swift */,
				60C5766D2562C249001E6D17 /* Location.swift */,
				6024AE7B25817EAB0092BEEF /* Extensions.swift */,
				606034AE2563160C007170EB /* UserSettings.swift */,
			);
			path = Helper;
			sourceTree = "<group>";
		};
		60D77D8C2588362500A3C979 /* Helper */ = {
			isa = PBXGroup;
			children = (
				60B4B15B2568095D000690CE /* PhoneConnectivityProvider.swift */,
				60C576742562C3D5001E6D17 /* Location.swift */,
				60D77D3E2588092F00A3C979 /* Altimeter.swift */,
				6060352C25642862007170EB /* UserSettings.swift */,
			);
			path = Helper;
			sourceTree = "<group>";
		};
		60DC9A9D25658DF600B1D43D /* Views */ = {
			isa = PBXGroup;
			children = (
				604D5539255C190A00B50268 /* ContentView.swift */,
				60C576AE2562D20D001E6D17 /* MainView.swift */,
				60C576BF2562D37B001E6D17 /* SettingsView.swift */,
				609C3283255F29BE00B2A06F /* LogView.swift */,
				6060353825643279007170EB /* LogDetailView.swift */,
				60F2CCC725681A12003E1285 /* LogDetailOverView.swift */,
				609847C22599E5160018AD18 /* LogDetailOverViewModel.swift */,
				60F21A3E2604122A0086EA8A /* LogDetailChartView.swift */,
			);
			path = Views;
			sourceTree = "<group>";
		};
		60DC9A9E25658E0500B1D43D /* Data */ = {
			isa = PBXGroup;
			children = (
				60C576662562C1FA001E6D17 /* Persistence.swift */,
				60ED09702562AAC30062045D /* Logs.xcdatamodeld */,
				608381782564776E00D1F204 /* Log+CoreDataClass.swift */,
				608381792564776E00D1F204 /* Log+CoreDataProperties.swift */,
				6098479425949EA70018AD18 /* FileExporter.swift */,
			);
			path = Data;
			sourceTree = "<group>";
		};
		7629FE661163B78A98A2A848 /* Pods */ = {
			isa = PBXGroup;
			children = (
				9B6012800442CF5A39C71E4D /* Pods-iAlti_v2.debug.xcconfig */,
				4AADD54B4BB52B51A6EDC4DC /* Pods-iAlti_v2.release.xcconfig */,
				AFC32399FC20E33B7F4F9449 /* Pods-iAlti_v2 WatchKit App.debug.xcconfig */,
				BD1AC7BF9E63678F6FFB9245 /* Pods-iAlti_v2 WatchKit App.release.xcconfig */,
				CC6E163DA83F5F82A4708489 /* Pods-iAlti_v2 WatchKit Extension.debug.xcconfig */,
				0AC196FF9469A40F131F5AE7 /* Pods-iAlti_v2 WatchKit Extension.release.xcconfig */,
				F352CA07C2DA656B9775C6FD /* Pods-iAlti_v2-iAlti_v2UITests.debug.xcconfig */,
				11BDB51CEB15846D9649008C /* Pods-iAlti_v2-iAlti_v2UITests.release.xcconfig */,
				9198A8A4525D112A95A6994C /* Pods-iAlti_v2Tests.debug.xcconfig */,
				D0BF602EC83B7291FC3AF98E /* Pods-iAlti_v2Tests.release.xcconfig */,
			);
			path = Pods;
			sourceTree = "<group>";
		};
		FE2C28222F17DCB987419F2D /* Frameworks */ = {
			isa = PBXGroup;
			children = (
				C823DECE281EB1D10056C561 /* libPods-iAlti_v2 WatchKit Extension.a */,
				C8BF764E2811A9D200A082FB /* HealthKit.framework */,
				C8BF764B2811A9BC00A082FB /* HealthKit.framework */,
				A7863911C5B8B45FAC5CABFD /* Pods_iAlti_v2.framework */,
				F8425317B8F37A44964D2541 /* Pods_iAlti_v2_iAlti_v2UITests.framework */,
				C39C6CA1201BE51B976416D6 /* Pods_iAlti_v2Tests.framework */,
				91AEFA5123BDEC2306B02F24 /* libPods-iAlti_v2 WatchKit App.a */,
				91CDB102E2C74F02F9146447 /* libPods-iAlti_v2 WatchKit Extension.a */,
			);
			name = Frameworks;
			sourceTree = "<group>";
		};
/* End PBXGroup section */

/* Begin PBXNativeTarget section */
		604D5533255C190A00B50268 /* iAlti_v2 */ = {
			isa = PBXNativeTarget;
			buildConfigurationList = 604D5585255C191600B50268 /* Build configuration list for PBXNativeTarget "iAlti_v2" */;
			buildPhases = (
				6B45DB12FAFAC829BBA5545D /* [CP] Check Pods Manifest.lock */,
				604D5530255C190A00B50268 /* Sources */,
				604D5531255C190A00B50268 /* Frameworks */,
				604D5532255C190A00B50268 /* Resources */,
				604D5584255C191600B50268 /* Embed Watch Content */,
				F8D4D8F02905499FB1CB990A /* [CP] Embed Pods Frameworks */,
			);
			buildRules = (
			);
			dependencies = (
				604D555C255C190E00B50268 /* PBXTargetDependency */,
			);
			name = iAlti_v2;
			packageProductDependencies = (
				60788C58258D4C0F00BBBC5E /* CoreGPX */,
			);
			productName = iAlti_v2;
			productReference = 604D5534255C190A00B50268 /* iAlti_v2.app */;
			productType = "com.apple.product-type.application";
		};
		604D5544255C190E00B50268 /* iAlti_v2Tests */ = {
			isa = PBXNativeTarget;
			buildConfigurationList = 604D5588255C191600B50268 /* Build configuration list for PBXNativeTarget "iAlti_v2Tests" */;
			buildPhases = (
				1BE8859AC86D9224777F0D1D /* [CP] Check Pods Manifest.lock */,
				604D5541255C190E00B50268 /* Sources */,
				604D5542255C190E00B50268 /* Frameworks */,
				604D5543255C190E00B50268 /* Resources */,
			);
			buildRules = (
			);
			dependencies = (
				604D5547255C190E00B50268 /* PBXTargetDependency */,
			);
			name = iAlti_v2Tests;
			productName = iAlti_v2Tests;
			productReference = 604D5545255C190E00B50268 /* iAlti_v2Tests.xctest */;
			productType = "com.apple.product-type.bundle.unit-test";
		};
		604D554F255C190E00B50268 /* iAlti_v2UITests */ = {
			isa = PBXNativeTarget;
			buildConfigurationList = 604D558B255C191600B50268 /* Build configuration list for PBXNativeTarget "iAlti_v2UITests" */;
			buildPhases = (
				B1EA8D7BADA0182799B237B7 /* [CP] Check Pods Manifest.lock */,
				604D554C255C190E00B50268 /* Sources */,
				604D554D255C190E00B50268 /* Frameworks */,
				604D554E255C190E00B50268 /* Resources */,
				2E9DD97986540707A41AFFD3 /* [CP] Embed Pods Frameworks */,
			);
			buildRules = (
			);
			dependencies = (
				604D5552255C190E00B50268 /* PBXTargetDependency */,
			);
			name = iAlti_v2UITests;
			productName = iAlti_v2UITests;
			productReference = 604D5550255C190E00B50268 /* iAlti_v2UITests.xctest */;
			productType = "com.apple.product-type.bundle.ui-testing";
		};
		604D5558255C190E00B50268 /* iAlti_v2 WatchKit App */ = {
			isa = PBXNativeTarget;
			buildConfigurationList = 604D5581255C191600B50268 /* Build configuration list for PBXNativeTarget "iAlti_v2 WatchKit App" */;
			buildPhases = (
				E0245DAF9D792E53F7CFC021 /* [CP] Check Pods Manifest.lock */,
				604D5557255C190E00B50268 /* Resources */,
				604D5580255C191600B50268 /* Embed App Extensions */,
				47CDF3A4A02F1041C63A5889 /* Frameworks */,
			);
			buildRules = (
			);
			dependencies = (
				604D5568255C191200B50268 /* PBXTargetDependency */,
			);
			name = "iAlti_v2 WatchKit App";
			productName = "iAlti_v2 WatchKit App";
			productReference = 604D5559255C190E00B50268 /* iAlti_v2 WatchKit App.app */;
			productType = "com.apple.product-type.application.watchapp2";
		};
		604D5564255C191200B50268 /* iAlti_v2 WatchKit Extension */ = {
			isa = PBXNativeTarget;
			buildConfigurationList = 604D557D255C191600B50268 /* Build configuration list for PBXNativeTarget "iAlti_v2 WatchKit Extension" */;
			buildPhases = (
				7D487926D76C4440AB99A74C /* [CP] Check Pods Manifest.lock */,
				604D5561255C191200B50268 /* Sources */,
				604D5562255C191200B50268 /* Frameworks */,
				604D5563255C191200B50268 /* Resources */,
			);
			buildRules = (
			);
			dependencies = (
			);
			name = "iAlti_v2 WatchKit Extension";
			productName = "iAlti_v2 WatchKit Extension";
			productReference = 604D5565255C191200B50268 /* iAlti_v2 WatchKit Extension.appex */;
			productType = "com.apple.product-type.watchkit2-extension";
		};
/* End PBXNativeTarget section */

/* Begin PBXProject section */
		604D552C255C190A00B50268 /* Project object */ = {
			isa = PBXProject;
			attributes = {
				LastSwiftUpdateCheck = 1220;
				LastUpgradeCheck = 1220;
				TargetAttributes = {
					604D5533255C190A00B50268 = {
						CreatedOnToolsVersion = 12.2;
					};
					604D5544255C190E00B50268 = {
						CreatedOnToolsVersion = 12.2;
						TestTargetID = 604D5533255C190A00B50268;
					};
					604D554F255C190E00B50268 = {
						CreatedOnToolsVersion = 12.2;
						TestTargetID = 604D5533255C190A00B50268;
					};
					604D5558255C190E00B50268 = {
						CreatedOnToolsVersion = 12.2;
						LastSwiftMigration = 1220;
					};
					604D5564255C191200B50268 = {
						CreatedOnToolsVersion = 12.2;
					};
				};
			};
			buildConfigurationList = 604D552F255C190A00B50268 /* Build configuration list for PBXProject "iAlti_v2" */;
			compatibilityVersion = "Xcode 9.3";
			developmentRegion = en;
			hasScannedForEncodings = 0;
			knownRegions = (
				en,
				Base,
			);
			mainGroup = 604D552B255C190A00B50268;
			packageReferences = (
				60788C57258D4C0F00BBBC5E /* XCRemoteSwiftPackageReference "CoreGPX" */,
			);
			productRefGroup = 604D5535255C190A00B50268 /* Products */;
			projectDirPath = "";
			projectRoot = "";
			targets = (
				604D5533255C190A00B50268 /* iAlti_v2 */,
				604D5544255C190E00B50268 /* iAlti_v2Tests */,
				604D554F255C190E00B50268 /* iAlti_v2UITests */,
				604D5558255C190E00B50268 /* iAlti_v2 WatchKit App */,
				604D5564255C191200B50268 /* iAlti_v2 WatchKit Extension */,
			);
		};
/* End PBXProject section */

/* Begin PBXResourcesBuildPhase section */
		604D5532255C190A00B50268 /* Resources */ = {
			isa = PBXResourcesBuildPhase;
			buildActionMask = 2147483647;
			files = (
				604D553F255C190E00B50268 /* Preview Assets.xcassets in Resources */,
				604D553C255C190E00B50268 /* Assets.xcassets in Resources */,
			);
			runOnlyForDeploymentPostprocessing = 0;
		};
		604D5543255C190E00B50268 /* Resources */ = {
			isa = PBXResourcesBuildPhase;
			buildActionMask = 2147483647;
			files = (
			);
			runOnlyForDeploymentPostprocessing = 0;
		};
		604D554E255C190E00B50268 /* Resources */ = {
			isa = PBXResourcesBuildPhase;
			buildActionMask = 2147483647;
			files = (
			);
			runOnlyForDeploymentPostprocessing = 0;
		};
		604D5557255C190E00B50268 /* Resources */ = {
			isa = PBXResourcesBuildPhase;
			buildActionMask = 2147483647;
			files = (
				604D555F255C191200B50268 /* Assets.xcassets in Resources */,
			);
			runOnlyForDeploymentPostprocessing = 0;
		};
		604D5563255C191200B50268 /* Resources */ = {
			isa = PBXResourcesBuildPhase;
			buildActionMask = 2147483647;
			files = (
				604D5578255C191500B50268 /* Preview Assets.xcassets in Resources */,
				604D5575255C191500B50268 /* Assets.xcassets in Resources */,
			);
			runOnlyForDeploymentPostprocessing = 0;
		};
/* End PBXResourcesBuildPhase section */

/* Begin PBXShellScriptBuildPhase section */
		1BE8859AC86D9224777F0D1D /* [CP] Check Pods Manifest.lock */ = {
			isa = PBXShellScriptBuildPhase;
			buildActionMask = 2147483647;
			files = (
			);
			inputFileListPaths = (
			);
			inputPaths = (
				"${PODS_PODFILE_DIR_PATH}/Podfile.lock",
				"${PODS_ROOT}/Manifest.lock",
			);
			name = "[CP] Check Pods Manifest.lock";
			outputFileListPaths = (
			);
			outputPaths = (
				"$(DERIVED_FILE_DIR)/Pods-iAlti_v2Tests-checkManifestLockResult.txt",
			);
			runOnlyForDeploymentPostprocessing = 0;
			shellPath = /bin/sh;
			shellScript = "diff \"${PODS_PODFILE_DIR_PATH}/Podfile.lock\" \"${PODS_ROOT}/Manifest.lock\" > /dev/null\nif [ $? != 0 ] ; then\n    # print error to STDERR\n    echo \"error: The sandbox is not in sync with the Podfile.lock. Run 'pod install' or update your CocoaPods installation.\" >&2\n    exit 1\nfi\n# This output is used by Xcode 'outputs' to avoid re-running this script phase.\necho \"SUCCESS\" > \"${SCRIPT_OUTPUT_FILE_0}\"\n";
			showEnvVarsInLog = 0;
		};
		2E9DD97986540707A41AFFD3 /* [CP] Embed Pods Frameworks */ = {
			isa = PBXShellScriptBuildPhase;
			buildActionMask = 2147483647;
			files = (
			);
			inputFileListPaths = (
				"${PODS_ROOT}/Target Support Files/Pods-iAlti_v2-iAlti_v2UITests/Pods-iAlti_v2-iAlti_v2UITests-frameworks-${CONFIGURATION}-input-files.xcfilelist",
			);
			name = "[CP] Embed Pods Frameworks";
			outputFileListPaths = (
				"${PODS_ROOT}/Target Support Files/Pods-iAlti_v2-iAlti_v2UITests/Pods-iAlti_v2-iAlti_v2UITests-frameworks-${CONFIGURATION}-output-files.xcfilelist",
			);
			runOnlyForDeploymentPostprocessing = 0;
			shellPath = /bin/sh;
			shellScript = "\"${PODS_ROOT}/Target Support Files/Pods-iAlti_v2-iAlti_v2UITests/Pods-iAlti_v2-iAlti_v2UITests-frameworks.sh\"\n";
			showEnvVarsInLog = 0;
		};
		6B45DB12FAFAC829BBA5545D /* [CP] Check Pods Manifest.lock */ = {
			isa = PBXShellScriptBuildPhase;
			buildActionMask = 2147483647;
			files = (
			);
			inputFileListPaths = (
			);
			inputPaths = (
				"${PODS_PODFILE_DIR_PATH}/Podfile.lock",
				"${PODS_ROOT}/Manifest.lock",
			);
			name = "[CP] Check Pods Manifest.lock";
			outputFileListPaths = (
			);
			outputPaths = (
				"$(DERIVED_FILE_DIR)/Pods-iAlti_v2-checkManifestLockResult.txt",
			);
			runOnlyForDeploymentPostprocessing = 0;
			shellPath = /bin/sh;
			shellScript = "diff \"${PODS_PODFILE_DIR_PATH}/Podfile.lock\" \"${PODS_ROOT}/Manifest.lock\" > /dev/null\nif [ $? != 0 ] ; then\n    # print error to STDERR\n    echo \"error: The sandbox is not in sync with the Podfile.lock. Run 'pod install' or update your CocoaPods installation.\" >&2\n    exit 1\nfi\n# This output is used by Xcode 'outputs' to avoid re-running this script phase.\necho \"SUCCESS\" > \"${SCRIPT_OUTPUT_FILE_0}\"\n";
			showEnvVarsInLog = 0;
		};
		7D487926D76C4440AB99A74C /* [CP] Check Pods Manifest.lock */ = {
			isa = PBXShellScriptBuildPhase;
			buildActionMask = 2147483647;
			files = (
			);
			inputFileListPaths = (
			);
			inputPaths = (
				"${PODS_PODFILE_DIR_PATH}/Podfile.lock",
				"${PODS_ROOT}/Manifest.lock",
			);
			name = "[CP] Check Pods Manifest.lock";
			outputFileListPaths = (
			);
			outputPaths = (
				"$(DERIVED_FILE_DIR)/Pods-iAlti_v2 WatchKit Extension-checkManifestLockResult.txt",
			);
			runOnlyForDeploymentPostprocessing = 0;
			shellPath = /bin/sh;
			shellScript = "diff \"${PODS_PODFILE_DIR_PATH}/Podfile.lock\" \"${PODS_ROOT}/Manifest.lock\" > /dev/null\nif [ $? != 0 ] ; then\n    # print error to STDERR\n    echo \"error: The sandbox is not in sync with the Podfile.lock. Run 'pod install' or update your CocoaPods installation.\" >&2\n    exit 1\nfi\n# This output is used by Xcode 'outputs' to avoid re-running this script phase.\necho \"SUCCESS\" > \"${SCRIPT_OUTPUT_FILE_0}\"\n";
			showEnvVarsInLog = 0;
		};
		B1EA8D7BADA0182799B237B7 /* [CP] Check Pods Manifest.lock */ = {
			isa = PBXShellScriptBuildPhase;
			buildActionMask = 2147483647;
			files = (
			);
			inputFileListPaths = (
			);
			inputPaths = (
				"${PODS_PODFILE_DIR_PATH}/Podfile.lock",
				"${PODS_ROOT}/Manifest.lock",
			);
			name = "[CP] Check Pods Manifest.lock";
			outputFileListPaths = (
			);
			outputPaths = (
				"$(DERIVED_FILE_DIR)/Pods-iAlti_v2-iAlti_v2UITests-checkManifestLockResult.txt",
			);
			runOnlyForDeploymentPostprocessing = 0;
			shellPath = /bin/sh;
			shellScript = "diff \"${PODS_PODFILE_DIR_PATH}/Podfile.lock\" \"${PODS_ROOT}/Manifest.lock\" > /dev/null\nif [ $? != 0 ] ; then\n    # print error to STDERR\n    echo \"error: The sandbox is not in sync with the Podfile.lock. Run 'pod install' or update your CocoaPods installation.\" >&2\n    exit 1\nfi\n# This output is used by Xcode 'outputs' to avoid re-running this script phase.\necho \"SUCCESS\" > \"${SCRIPT_OUTPUT_FILE_0}\"\n";
			showEnvVarsInLog = 0;
		};
		E0245DAF9D792E53F7CFC021 /* [CP] Check Pods Manifest.lock */ = {
			isa = PBXShellScriptBuildPhase;
			buildActionMask = 2147483647;
			files = (
			);
			inputFileListPaths = (
			);
			inputPaths = (
				"${PODS_PODFILE_DIR_PATH}/Podfile.lock",
				"${PODS_ROOT}/Manifest.lock",
			);
			name = "[CP] Check Pods Manifest.lock";
			outputFileListPaths = (
			);
			outputPaths = (
				"$(DERIVED_FILE_DIR)/Pods-iAlti_v2 WatchKit App-checkManifestLockResult.txt",
			);
			runOnlyForDeploymentPostprocessing = 0;
			shellPath = /bin/sh;
			shellScript = "diff \"${PODS_PODFILE_DIR_PATH}/Podfile.lock\" \"${PODS_ROOT}/Manifest.lock\" > /dev/null\nif [ $? != 0 ] ; then\n    # print error to STDERR\n    echo \"error: The sandbox is not in sync with the Podfile.lock. Run 'pod install' or update your CocoaPods installation.\" >&2\n    exit 1\nfi\n# This output is used by Xcode 'outputs' to avoid re-running this script phase.\necho \"SUCCESS\" > \"${SCRIPT_OUTPUT_FILE_0}\"\n";
			showEnvVarsInLog = 0;
		};
		F8D4D8F02905499FB1CB990A /* [CP] Embed Pods Frameworks */ = {
			isa = PBXShellScriptBuildPhase;
			buildActionMask = 2147483647;
			files = (
			);
			inputFileListPaths = (
				"${PODS_ROOT}/Target Support Files/Pods-iAlti_v2/Pods-iAlti_v2-frameworks-${CONFIGURATION}-input-files.xcfilelist",
			);
			name = "[CP] Embed Pods Frameworks";
			outputFileListPaths = (
				"${PODS_ROOT}/Target Support Files/Pods-iAlti_v2/Pods-iAlti_v2-frameworks-${CONFIGURATION}-output-files.xcfilelist",
			);
			runOnlyForDeploymentPostprocessing = 0;
			shellPath = /bin/sh;
			shellScript = "\"${PODS_ROOT}/Target Support Files/Pods-iAlti_v2/Pods-iAlti_v2-frameworks.sh\"\n";
			showEnvVarsInLog = 0;
		};
/* End PBXShellScriptBuildPhase section */

/* Begin PBXSourcesBuildPhase section */
		604D5530255C190A00B50268 /* Sources */ = {
			isa = PBXSourcesBuildPhase;
			buildActionMask = 2147483647;
			files = (
				6083817B2564776E00D1F204 /* Log+CoreDataProperties.swift in Sources */,
				6024AE7C25817EAB0092BEEF /* Extensions.swift in Sources */,
				604D553A255C190A00B50268 /* ContentView.swift in Sources */,
				609847C32599E5160018AD18 /* LogDetailOverViewModel.swift in Sources */,
				60F2CCC825681A12003E1285 /* LogDetailOverView.swift in Sources */,
				606034AF2563160C007170EB /* UserSettings.swift in Sources */,
				609C3284255F29BE00B2A06F /* LogView.swift in Sources */,
				604D5538255C190A00B50268 /* iAlti_v2App.swift in Sources */,
				60B4B146256804F7000690CE /* WatchConnectivityProvider.swift in Sources */,
				60F21A3F2604122A0086EA8A /* LogDetailChartView.swift in Sources */,
				6060353925643279007170EB /* LogDetailView.swift in Sources */,
				6083817A2564776E00D1F204 /* Log+CoreDataClass.swift in Sources */,
				6098479525949EA70018AD18 /* FileExporter.swift in Sources */,
				60C576AF2562D20D001E6D17 /* MainView.swift in Sources */,
				60C576672562C1FA001E6D17 /* Persistence.swift in Sources */,
				60ED09722562AAC30062045D /* Logs.xcdatamodeld in Sources */,
				60C5766E2562C249001E6D17 /* Location.swift in Sources */,
				60D77D4B2588098300A3C979 /* Altimeter.swift in Sources */,
				60C576C02562D37B001E6D17 /* SettingsView.swift in Sources */,
			);
			runOnlyForDeploymentPostprocessing = 0;
		};
		604D5541255C190E00B50268 /* Sources */ = {
			isa = PBXSourcesBuildPhase;
			buildActionMask = 2147483647;
			files = (
				604D554A255C190E00B50268 /* iAlti_v2Tests.swift in Sources */,
			);
			runOnlyForDeploymentPostprocessing = 0;
		};
		604D554C255C190E00B50268 /* Sources */ = {
			isa = PBXSourcesBuildPhase;
			buildActionMask = 2147483647;
			files = (
				604D5555255C190E00B50268 /* iAlti_v2UITests.swift in Sources */,
			);
			runOnlyForDeploymentPostprocessing = 0;
		};
		604D5561255C191200B50268 /* Sources */ = {
			isa = PBXSourcesBuildPhase;
			buildActionMask = 2147483647;
			files = (
				604D55A2255C1AE600B50268 /* OverView.swift in Sources */,
				604D556F255C191200B50268 /* NotificationController.swift in Sources */,
				60C576752562C3D5001E6D17 /* Location.swift in Sources */,
				604D55A1255C1AE600B50268 /* MainView.swift in Sources */,
				604D55A3255C1AE600B50268 /* SettingsView.swift in Sources */,
				604D556D255C191200B50268 /* ContentView.swift in Sources */,
				604D5573255C191200B50268 /* ComplicationController.swift in Sources */,
				604D556B255C191200B50268 /* iAlti_v2App.swift in Sources */,
				604D559F255C1AE600B50268 /* ControlsView.swift in Sources */,
				60B4B15C2568095D000690CE /* PhoneConnectivityProvider.swift in Sources */,
				604D5571255C191200B50268 /* NotificationView.swift in Sources */,
				60D77D3F2588092F00A3C979 /* Altimeter.swift in Sources */,
				6060352D25642862007170EB /* UserSettings.swift in Sources */,
			);
			runOnlyForDeploymentPostprocessing = 0;
		};
/* End PBXSourcesBuildPhase section */

/* Begin PBXTargetDependency section */
		604D5547255C190E00B50268 /* PBXTargetDependency */ = {
			isa = PBXTargetDependency;
			target = 604D5533255C190A00B50268 /* iAlti_v2 */;
			targetProxy = 604D5546255C190E00B50268 /* PBXContainerItemProxy */;
		};
		604D5552255C190E00B50268 /* PBXTargetDependency */ = {
			isa = PBXTargetDependency;
			target = 604D5533255C190A00B50268 /* iAlti_v2 */;
			targetProxy = 604D5551255C190E00B50268 /* PBXContainerItemProxy */;
		};
		604D555C255C190E00B50268 /* PBXTargetDependency */ = {
			isa = PBXTargetDependency;
			target = 604D5558255C190E00B50268 /* iAlti_v2 WatchKit App */;
			targetProxy = 604D555B255C190E00B50268 /* PBXContainerItemProxy */;
		};
		604D5568255C191200B50268 /* PBXTargetDependency */ = {
			isa = PBXTargetDependency;
			target = 604D5564255C191200B50268 /* iAlti_v2 WatchKit Extension */;
			targetProxy = 604D5567255C191200B50268 /* PBXContainerItemProxy */;
		};
/* End PBXTargetDependency section */

/* Begin XCBuildConfiguration section */
		604D557B255C191600B50268 /* Debug */ = {
			isa = XCBuildConfiguration;
			buildSettings = {
				ALWAYS_SEARCH_USER_PATHS = NO;
				CLANG_ANALYZER_NONNULL = YES;
				CLANG_ANALYZER_NUMBER_OBJECT_CONVERSION = YES_AGGRESSIVE;
				CLANG_CXX_LANGUAGE_STANDARD = "gnu++14";
				CLANG_CXX_LIBRARY = "libc++";
				CLANG_ENABLE_MODULES = YES;
				CLANG_ENABLE_OBJC_ARC = YES;
				CLANG_ENABLE_OBJC_WEAK = YES;
				CLANG_WARN_BLOCK_CAPTURE_AUTORELEASING = YES;
				CLANG_WARN_BOOL_CONVERSION = YES;
				CLANG_WARN_COMMA = YES;
				CLANG_WARN_CONSTANT_CONVERSION = YES;
				CLANG_WARN_DEPRECATED_OBJC_IMPLEMENTATIONS = YES;
				CLANG_WARN_DIRECT_OBJC_ISA_USAGE = YES_ERROR;
				CLANG_WARN_DOCUMENTATION_COMMENTS = YES;
				CLANG_WARN_EMPTY_BODY = YES;
				CLANG_WARN_ENUM_CONVERSION = YES;
				CLANG_WARN_INFINITE_RECURSION = YES;
				CLANG_WARN_INT_CONVERSION = YES;
				CLANG_WARN_NON_LITERAL_NULL_CONVERSION = YES;
				CLANG_WARN_OBJC_IMPLICIT_RETAIN_SELF = YES;
				CLANG_WARN_OBJC_LITERAL_CONVERSION = YES;
				CLANG_WARN_OBJC_ROOT_CLASS = YES_ERROR;
				CLANG_WARN_QUOTED_INCLUDE_IN_FRAMEWORK_HEADER = YES;
				CLANG_WARN_RANGE_LOOP_ANALYSIS = YES;
				CLANG_WARN_STRICT_PROTOTYPES = YES;
				CLANG_WARN_SUSPICIOUS_MOVE = YES;
				CLANG_WARN_UNGUARDED_AVAILABILITY = YES_AGGRESSIVE;
				CLANG_WARN_UNREACHABLE_CODE = YES;
				CLANG_WARN__DUPLICATE_METHOD_MATCH = YES;
				COPY_PHASE_STRIP = NO;
				DEBUG_INFORMATION_FORMAT = dwarf;
				ENABLE_STRICT_OBJC_MSGSEND = YES;
				ENABLE_TESTABILITY = YES;
				GCC_C_LANGUAGE_STANDARD = gnu11;
				GCC_DYNAMIC_NO_PIC = NO;
				GCC_NO_COMMON_BLOCKS = YES;
				GCC_OPTIMIZATION_LEVEL = 0;
				GCC_PREPROCESSOR_DEFINITIONS = (
					"DEBUG=1",
					"$(inherited)",
				);
				GCC_WARN_64_TO_32_BIT_CONVERSION = YES;
				GCC_WARN_ABOUT_RETURN_TYPE = YES_ERROR;
				GCC_WARN_UNDECLARED_SELECTOR = YES;
				GCC_WARN_UNINITIALIZED_AUTOS = YES_AGGRESSIVE;
				GCC_WARN_UNUSED_FUNCTION = YES;
				GCC_WARN_UNUSED_VARIABLE = YES;
				IPHONEOS_DEPLOYMENT_TARGET = 16.4;
				MTL_ENABLE_DEBUG_INFO = INCLUDE_SOURCE;
				MTL_FAST_MATH = YES;
				ONLY_ACTIVE_ARCH = YES;
				SWIFT_ACTIVE_COMPILATION_CONDITIONS = DEBUG;
				SWIFT_OPTIMIZATION_LEVEL = "-Onone";
				WATCHOS_DEPLOYMENT_TARGET = 9.4;
			};
			name = Debug;
		};
		604D557C255C191600B50268 /* Release */ = {
			isa = XCBuildConfiguration;
			buildSettings = {
				ALWAYS_SEARCH_USER_PATHS = NO;
				CLANG_ANALYZER_NONNULL = YES;
				CLANG_ANALYZER_NUMBER_OBJECT_CONVERSION = YES_AGGRESSIVE;
				CLANG_CXX_LANGUAGE_STANDARD = "gnu++14";
				CLANG_CXX_LIBRARY = "libc++";
				CLANG_ENABLE_MODULES = YES;
				CLANG_ENABLE_OBJC_ARC = YES;
				CLANG_ENABLE_OBJC_WEAK = YES;
				CLANG_WARN_BLOCK_CAPTURE_AUTORELEASING = YES;
				CLANG_WARN_BOOL_CONVERSION = YES;
				CLANG_WARN_COMMA = YES;
				CLANG_WARN_CONSTANT_CONVERSION = YES;
				CLANG_WARN_DEPRECATED_OBJC_IMPLEMENTATIONS = YES;
				CLANG_WARN_DIRECT_OBJC_ISA_USAGE = YES_ERROR;
				CLANG_WARN_DOCUMENTATION_COMMENTS = YES;
				CLANG_WARN_EMPTY_BODY = YES;
				CLANG_WARN_ENUM_CONVERSION = YES;
				CLANG_WARN_INFINITE_RECURSION = YES;
				CLANG_WARN_INT_CONVERSION = YES;
				CLANG_WARN_NON_LITERAL_NULL_CONVERSION = YES;
				CLANG_WARN_OBJC_IMPLICIT_RETAIN_SELF = YES;
				CLANG_WARN_OBJC_LITERAL_CONVERSION = YES;
				CLANG_WARN_OBJC_ROOT_CLASS = YES_ERROR;
				CLANG_WARN_QUOTED_INCLUDE_IN_FRAMEWORK_HEADER = YES;
				CLANG_WARN_RANGE_LOOP_ANALYSIS = YES;
				CLANG_WARN_STRICT_PROTOTYPES = YES;
				CLANG_WARN_SUSPICIOUS_MOVE = YES;
				CLANG_WARN_UNGUARDED_AVAILABILITY = YES_AGGRESSIVE;
				CLANG_WARN_UNREACHABLE_CODE = YES;
				CLANG_WARN__DUPLICATE_METHOD_MATCH = YES;
				COPY_PHASE_STRIP = NO;
				DEBUG_INFORMATION_FORMAT = "dwarf-with-dsym";
				ENABLE_NS_ASSERTIONS = NO;
				ENABLE_STRICT_OBJC_MSGSEND = YES;
				GCC_C_LANGUAGE_STANDARD = gnu11;
				GCC_NO_COMMON_BLOCKS = YES;
				GCC_WARN_64_TO_32_BIT_CONVERSION = YES;
				GCC_WARN_ABOUT_RETURN_TYPE = YES_ERROR;
				GCC_WARN_UNDECLARED_SELECTOR = YES;
				GCC_WARN_UNINITIALIZED_AUTOS = YES_AGGRESSIVE;
				GCC_WARN_UNUSED_FUNCTION = YES;
				GCC_WARN_UNUSED_VARIABLE = YES;
				IPHONEOS_DEPLOYMENT_TARGET = 16.4;
				MTL_ENABLE_DEBUG_INFO = NO;
				MTL_FAST_MATH = YES;
				SWIFT_COMPILATION_MODE = wholemodule;
				SWIFT_OPTIMIZATION_LEVEL = "-O";
				WATCHOS_DEPLOYMENT_TARGET = 9.4;
			};
			name = Release;
		};
		604D557E255C191600B50268 /* Debug */ = {
			isa = XCBuildConfiguration;
			baseConfigurationReference = CC6E163DA83F5F82A4708489 /* Pods-iAlti_v2 WatchKit Extension.debug.xcconfig */;
			buildSettings = {
				ASSETCATALOG_COMPILER_COMPLICATION_NAME = Complication;
				CODE_SIGN_ENTITLEMENTS = "iAlti_v2 WatchKit Extension/iAlti_v2 WatchKit Extension.entitlements";
				CODE_SIGN_STYLE = Automatic;
				CURRENT_PROJECT_VERSION = 1;
				DEVELOPMENT_ASSET_PATHS = "\"iAlti_v2 WatchKit Extension/Preview Content\"";
				DEVELOPMENT_TEAM = 6C8S93GQ4Z;
				ENABLE_PREVIEWS = YES;
				EXCLUDED_ARCHS = "";
				INFOPLIST_FILE = "iAlti_v2 WatchKit Extension/Info.plist";
				LD_RUNPATH_SEARCH_PATHS = (
					"$(inherited)",
					"@executable_path/Frameworks",
					"@executable_path/../../Frameworks",
				);
				MARKETING_VERSION = 2.3;
				PRODUCT_BUNDLE_IDENTIFIER = "SausageBrothers-Airsports.iAlti-v2.watchkitapp.watchkitextension";
				PRODUCT_NAME = "${TARGET_NAME}";
				SDKROOT = watchos;
				SKIP_INSTALL = YES;
				SWIFT_VERSION = 5.0;
				TARGETED_DEVICE_FAMILY = 4;
				WATCHOS_DEPLOYMENT_TARGET = 9.4;
			};
			name = Debug;
		};
		604D557F255C191600B50268 /* Release */ = {
			isa = XCBuildConfiguration;
			baseConfigurationReference = 0AC196FF9469A40F131F5AE7 /* Pods-iAlti_v2 WatchKit Extension.release.xcconfig */;
			buildSettings = {
				ASSETCATALOG_COMPILER_COMPLICATION_NAME = Complication;
				CODE_SIGN_ENTITLEMENTS = "iAlti_v2 WatchKit Extension/iAlti_v2 WatchKit Extension.entitlements";
				CODE_SIGN_STYLE = Automatic;
				CURRENT_PROJECT_VERSION = 1;
				DEVELOPMENT_ASSET_PATHS = "\"iAlti_v2 WatchKit Extension/Preview Content\"";
				DEVELOPMENT_TEAM = 6C8S93GQ4Z;
				ENABLE_PREVIEWS = YES;
				EXCLUDED_ARCHS = "";
				INFOPLIST_FILE = "iAlti_v2 WatchKit Extension/Info.plist";
				LD_RUNPATH_SEARCH_PATHS = (
					"$(inherited)",
					"@executable_path/Frameworks",
					"@executable_path/../../Frameworks",
				);
				MARKETING_VERSION = 2.3;
				PRODUCT_BUNDLE_IDENTIFIER = "SausageBrothers-Airsports.iAlti-v2.watchkitapp.watchkitextension";
				PRODUCT_NAME = "${TARGET_NAME}";
				SDKROOT = watchos;
				SKIP_INSTALL = YES;
				SWIFT_VERSION = 5.0;
				TARGETED_DEVICE_FAMILY = 4;
				VALIDATE_PRODUCT = YES;
				WATCHOS_DEPLOYMENT_TARGET = 9.4;
			};
			name = Release;
		};
		604D5582255C191600B50268 /* Debug */ = {
			isa = XCBuildConfiguration;
			baseConfigurationReference = AFC32399FC20E33B7F4F9449 /* Pods-iAlti_v2 WatchKit App.debug.xcconfig */;
			buildSettings = {
				ALWAYS_EMBED_SWIFT_STANDARD_LIBRARIES = YES;
				ASSETCATALOG_COMPILER_APPICON_NAME = AppIcon;
				ASSETCATALOG_COMPILER_GLOBAL_ACCENT_COLOR_NAME = AccentColor;
				CLANG_ENABLE_MODULES = YES;
				CODE_SIGN_STYLE = Automatic;
				CURRENT_PROJECT_VERSION = 1;
				DEVELOPMENT_TEAM = 6C8S93GQ4Z;
				IBSC_MODULE = iAlti_v2_WatchKit_Extension;
				INFOPLIST_FILE = "iAlti_v2 WatchKit App/Info.plist";
				LD_RUNPATH_SEARCH_PATHS = (
					"$(inherited)",
					"@executable_path/../Frameworks",
					"@loader_path/../Frameworks",
				);
				MARKETING_VERSION = 2.3;
				PRODUCT_BUNDLE_IDENTIFIER = "SausageBrothers-Airsports.iAlti-v2.watchkitapp";
				PRODUCT_NAME = "$(TARGET_NAME)";
				SDKROOT = watchos;
				SKIP_INSTALL = YES;
				SWIFT_OPTIMIZATION_LEVEL = "-Onone";
				SWIFT_VERSION = 5.0;
				TARGETED_DEVICE_FAMILY = 4;
				WATCHOS_DEPLOYMENT_TARGET = 9.4;
			};
			name = Debug;
		};
		604D5583255C191600B50268 /* Release */ = {
			isa = XCBuildConfiguration;
			baseConfigurationReference = BD1AC7BF9E63678F6FFB9245 /* Pods-iAlti_v2 WatchKit App.release.xcconfig */;
			buildSettings = {
				ALWAYS_EMBED_SWIFT_STANDARD_LIBRARIES = YES;
				ASSETCATALOG_COMPILER_APPICON_NAME = AppIcon;
				ASSETCATALOG_COMPILER_GLOBAL_ACCENT_COLOR_NAME = AccentColor;
				CLANG_ENABLE_MODULES = YES;
				CODE_SIGN_STYLE = Automatic;
				CURRENT_PROJECT_VERSION = 1;
				DEVELOPMENT_TEAM = 6C8S93GQ4Z;
				IBSC_MODULE = iAlti_v2_WatchKit_Extension;
				INFOPLIST_FILE = "iAlti_v2 WatchKit App/Info.plist";
				LD_RUNPATH_SEARCH_PATHS = (
					"$(inherited)",
					"@executable_path/../Frameworks",
					"@loader_path/../Frameworks",
				);
				MARKETING_VERSION = 2.3;
				PRODUCT_BUNDLE_IDENTIFIER = "SausageBrothers-Airsports.iAlti-v2.watchkitapp";
				PRODUCT_NAME = "$(TARGET_NAME)";
				SDKROOT = watchos;
				SKIP_INSTALL = YES;
				SWIFT_VERSION = 5.0;
				TARGETED_DEVICE_FAMILY = 4;
				VALIDATE_PRODUCT = YES;
				WATCHOS_DEPLOYMENT_TARGET = 9.4;
			};
			name = Release;
		};
		604D5586255C191600B50268 /* Debug */ = {
			isa = XCBuildConfiguration;
			baseConfigurationReference = 9B6012800442CF5A39C71E4D /* Pods-iAlti_v2.debug.xcconfig */;
			buildSettings = {
				ASSETCATALOG_COMPILER_APPICON_NAME = AppIcon;
				ASSETCATALOG_COMPILER_GLOBAL_ACCENT_COLOR_NAME = AccentColor;
				CODE_SIGN_ENTITLEMENTS = iAlti_v2/iAlti_v2.entitlements;
				CODE_SIGN_STYLE = Automatic;
				CURRENT_PROJECT_VERSION = 1;
				DEVELOPMENT_ASSET_PATHS = "\"iAlti_v2/Preview Content\"";
				DEVELOPMENT_TEAM = 6C8S93GQ4Z;
				ENABLE_PREVIEWS = YES;
				INFOPLIST_FILE = iAlti_v2/Info.plist;
				IPHONEOS_DEPLOYMENT_TARGET = 16.4;
				LD_RUNPATH_SEARCH_PATHS = (
					"$(inherited)",
					"@executable_path/Frameworks",
				);
				MARKETING_VERSION = 2.3;
				PRODUCT_BUNDLE_IDENTIFIER = "SausageBrothers-Airsports.iAlti-v2";
				PRODUCT_NAME = "$(TARGET_NAME)";
				SDKROOT = iphoneos;
				SWIFT_VERSION = 5.0;
				TARGETED_DEVICE_FAMILY = 1;
			};
			name = Debug;
		};
		604D5587255C191600B50268 /* Release */ = {
			isa = XCBuildConfiguration;
			baseConfigurationReference = 4AADD54B4BB52B51A6EDC4DC /* Pods-iAlti_v2.release.xcconfig */;
			buildSettings = {
				ASSETCATALOG_COMPILER_APPICON_NAME = AppIcon;
				ASSETCATALOG_COMPILER_GLOBAL_ACCENT_COLOR_NAME = AccentColor;
				CODE_SIGN_ENTITLEMENTS = iAlti_v2/iAlti_v2.entitlements;
				CODE_SIGN_STYLE = Automatic;
				CURRENT_PROJECT_VERSION = 1;
				DEVELOPMENT_ASSET_PATHS = "\"iAlti_v2/Preview Content\"";
				DEVELOPMENT_TEAM = 6C8S93GQ4Z;
				ENABLE_PREVIEWS = YES;
				INFOPLIST_FILE = iAlti_v2/Info.plist;
				IPHONEOS_DEPLOYMENT_TARGET = 16.4;
				LD_RUNPATH_SEARCH_PATHS = (
					"$(inherited)",
					"@executable_path/Frameworks",
				);
				MARKETING_VERSION = 2.3;
				PRODUCT_BUNDLE_IDENTIFIER = "SausageBrothers-Airsports.iAlti-v2";
				PRODUCT_NAME = "$(TARGET_NAME)";
				SDKROOT = iphoneos;
				SWIFT_VERSION = 5.0;
				TARGETED_DEVICE_FAMILY = 1;
				VALIDATE_PRODUCT = YES;
			};
			name = Release;
		};
		604D5589255C191600B50268 /* Debug */ = {
			isa = XCBuildConfiguration;
			baseConfigurationReference = 9198A8A4525D112A95A6994C /* Pods-iAlti_v2Tests.debug.xcconfig */;
			buildSettings = {
				ALWAYS_EMBED_SWIFT_STANDARD_LIBRARIES = YES;
				BUNDLE_LOADER = "$(TEST_HOST)";
				CODE_SIGN_STYLE = Automatic;
				DEVELOPMENT_TEAM = 6C8S93GQ4Z;
				INFOPLIST_FILE = iAlti_v2Tests/Info.plist;
				IPHONEOS_DEPLOYMENT_TARGET = 16.4;
				LD_RUNPATH_SEARCH_PATHS = (
					"$(inherited)",
					"@executable_path/Frameworks",
					"@loader_path/Frameworks",
				);
				PRODUCT_BUNDLE_IDENTIFIER = "SausageBrothers-Airsports.iAlti-v2Tests";
				PRODUCT_NAME = "$(TARGET_NAME)";
				SDKROOT = iphoneos;
				SWIFT_VERSION = 5.0;
				TARGETED_DEVICE_FAMILY = "1,2";
				TEST_HOST = "$(BUILT_PRODUCTS_DIR)/iAlti_v2.app/iAlti_v2";
			};
			name = Debug;
		};
		604D558A255C191600B50268 /* Release */ = {
			isa = XCBuildConfiguration;
			baseConfigurationReference = D0BF602EC83B7291FC3AF98E /* Pods-iAlti_v2Tests.release.xcconfig */;
			buildSettings = {
				ALWAYS_EMBED_SWIFT_STANDARD_LIBRARIES = YES;
				BUNDLE_LOADER = "$(TEST_HOST)";
				CODE_SIGN_STYLE = Automatic;
				DEVELOPMENT_TEAM = 6C8S93GQ4Z;
				INFOPLIST_FILE = iAlti_v2Tests/Info.plist;
				IPHONEOS_DEPLOYMENT_TARGET = 16.4;
				LD_RUNPATH_SEARCH_PATHS = (
					"$(inherited)",
					"@executable_path/Frameworks",
					"@loader_path/Frameworks",
				);
				PRODUCT_BUNDLE_IDENTIFIER = "SausageBrothers-Airsports.iAlti-v2Tests";
				PRODUCT_NAME = "$(TARGET_NAME)";
				SDKROOT = iphoneos;
				SWIFT_VERSION = 5.0;
				TARGETED_DEVICE_FAMILY = "1,2";
				TEST_HOST = "$(BUILT_PRODUCTS_DIR)/iAlti_v2.app/iAlti_v2";
				VALIDATE_PRODUCT = YES;
			};
			name = Release;
		};
		604D558C255C191600B50268 /* Debug */ = {
			isa = XCBuildConfiguration;
			baseConfigurationReference = F352CA07C2DA656B9775C6FD /* Pods-iAlti_v2-iAlti_v2UITests.debug.xcconfig */;
			buildSettings = {
				ALWAYS_EMBED_SWIFT_STANDARD_LIBRARIES = YES;
				CODE_SIGN_STYLE = Automatic;
				DEVELOPMENT_TEAM = 6C8S93GQ4Z;
				INFOPLIST_FILE = iAlti_v2UITests/Info.plist;
				IPHONEOS_DEPLOYMENT_TARGET = 16.4;
				LD_RUNPATH_SEARCH_PATHS = (
					"$(inherited)",
					"@executable_path/Frameworks",
					"@loader_path/Frameworks",
				);
				PRODUCT_BUNDLE_IDENTIFIER = "SausageBrothers-Airsports.iAlti-v2UITests";
				PRODUCT_NAME = "$(TARGET_NAME)";
				SDKROOT = iphoneos;
				SWIFT_VERSION = 5.0;
				TARGETED_DEVICE_FAMILY = "1,2";
				TEST_TARGET_NAME = iAlti_v2;
			};
			name = Debug;
		};
		604D558D255C191600B50268 /* Release */ = {
			isa = XCBuildConfiguration;
			baseConfigurationReference = 11BDB51CEB15846D9649008C /* Pods-iAlti_v2-iAlti_v2UITests.release.xcconfig */;
			buildSettings = {
				ALWAYS_EMBED_SWIFT_STANDARD_LIBRARIES = YES;
				CODE_SIGN_STYLE = Automatic;
				DEVELOPMENT_TEAM = 6C8S93GQ4Z;
				INFOPLIST_FILE = iAlti_v2UITests/Info.plist;
				IPHONEOS_DEPLOYMENT_TARGET = 16.4;
				LD_RUNPATH_SEARCH_PATHS = (
					"$(inherited)",
					"@executable_path/Frameworks",
					"@loader_path/Frameworks",
				);
				PRODUCT_BUNDLE_IDENTIFIER = "SausageBrothers-Airsports.iAlti-v2UITests";
				PRODUCT_NAME = "$(TARGET_NAME)";
				SDKROOT = iphoneos;
				SWIFT_VERSION = 5.0;
				TARGETED_DEVICE_FAMILY = "1,2";
				TEST_TARGET_NAME = iAlti_v2;
				VALIDATE_PRODUCT = YES;
			};
			name = Release;
		};
/* End XCBuildConfiguration section */

/* Begin XCConfigurationList section */
		604D552F255C190A00B50268 /* Build configuration list for PBXProject "iAlti_v2" */ = {
			isa = XCConfigurationList;
			buildConfigurations = (
				604D557B255C191600B50268 /* Debug */,
				604D557C255C191600B50268 /* Release */,
			);
			defaultConfigurationIsVisible = 0;
			defaultConfigurationName = Release;
		};
		604D557D255C191600B50268 /* Build configuration list for PBXNativeTarget "iAlti_v2 WatchKit Extension" */ = {
			isa = XCConfigurationList;
			buildConfigurations = (
				604D557E255C191600B50268 /* Debug */,
				604D557F255C191600B50268 /* Release */,
			);
			defaultConfigurationIsVisible = 0;
			defaultConfigurationName = Release;
		};
		604D5581255C191600B50268 /* Build configuration list for PBXNativeTarget "iAlti_v2 WatchKit App" */ = {
			isa = XCConfigurationList;
			buildConfigurations = (
				604D5582255C191600B50268 /* Debug */,
				604D5583255C191600B50268 /* Release */,
			);
			defaultConfigurationIsVisible = 0;
			defaultConfigurationName = Release;
		};
		604D5585255C191600B50268 /* Build configuration list for PBXNativeTarget "iAlti_v2" */ = {
			isa = XCConfigurationList;
			buildConfigurations = (
				604D5586255C191600B50268 /* Debug */,
				604D5587255C191600B50268 /* Release */,
			);
			defaultConfigurationIsVisible = 0;
			defaultConfigurationName = Release;
		};
		604D5588255C191600B50268 /* Build configuration list for PBXNativeTarget "iAlti_v2Tests" */ = {
			isa = XCConfigurationList;
			buildConfigurations = (
				604D5589255C191600B50268 /* Debug */,
				604D558A255C191600B50268 /* Release */,
			);
			defaultConfigurationIsVisible = 0;
			defaultConfigurationName = Release;
		};
		604D558B255C191600B50268 /* Build configuration list for PBXNativeTarget "iAlti_v2UITests" */ = {
			isa = XCConfigurationList;
			buildConfigurations = (
				604D558C255C191600B50268 /* Debug */,
				604D558D255C191600B50268 /* Release */,
			);
			defaultConfigurationIsVisible = 0;
			defaultConfigurationName = Release;
		};
/* End XCConfigurationList section */

/* Begin XCRemoteSwiftPackageReference section */
		60788C57258D4C0F00BBBC5E /* XCRemoteSwiftPackageReference "CoreGPX" */ = {
			isa = XCRemoteSwiftPackageReference;
			repositoryURL = "https://github.com/vincentneo/CoreGPX.git";
			requirement = {
				kind = upToNextMajorVersion;
				minimumVersion = 0.8.2;
			};
		};
/* End XCRemoteSwiftPackageReference section */

/* Begin XCSwiftPackageProductDependency section */
		60788C58258D4C0F00BBBC5E /* CoreGPX */ = {
			isa = XCSwiftPackageProductDependency;
			package = 60788C57258D4C0F00BBBC5E /* XCRemoteSwiftPackageReference "CoreGPX" */;
			productName = CoreGPX;
		};
/* End XCSwiftPackageProductDependency section */

/* Begin XCVersionGroup section */
		60ED09702562AAC30062045D /* Logs.xcdatamodeld */ = {
			isa = XCVersionGroup;
			children = (
				60ED09712562AAC30062045D /* Logs.xcdatamodel */,
			);
			currentVersion = 60ED09712562AAC30062045D /* Logs.xcdatamodel */;
			path = Logs.xcdatamodeld;
			sourceTree = "<group>";
			versionGroupType = wrapper.xcdatamodel;
		};
/* End XCVersionGroup section */
	};
	rootObject = 604D552C255C190A00B50268 /* Project object */;
}
